
Microsoft Visual Studio Solution File, Format Version 12.00
# Visual Studio Version 17
VisualStudioVersion = 17.0.31903.59
MinimumVisualStudioVersion = 10.0.40219.1
Project("{2150E333-8FDC-42A3-9474-1A3956D46DE8}") = "src", "src", "{884AED35-5FDB-4647-9F44-F36833E1E16A}"
EndProject
Project("{FAE04EC0-301F-11D3-BF4B-00C04F79EFBC}") = "VendingMachine.Api", "src\VendingMachine.Api\VendingMachine.Api.csproj", "{6CCAE1CB-6696-45D3-9A6D-6AB209B394E5}"
EndProject
Project("{FAE04EC0-301F-11D3-BF4B-00C04F79EFBC}") = "VendingMachine.Data", "src\VendingMachine.Data\VendingMachine.Data.csproj", "{E880313F-43ED-4379-B526-D5615889B0F2}"
EndProject
Global
	GlobalSection(SolutionConfigurationPlatforms) = preSolution
		Debug|Any CPU = Debug|Any CPU
		Release|Any CPU = Release|Any CPU
	EndGlobalSection
	GlobalSection(SolutionProperties) = preSolution
		HideSolutionNode = FALSE
	EndGlobalSection
	GlobalSection(ProjectConfigurationPlatforms) = postSolution
		{6CCAE1CB-6696-45D3-9A6D-6AB209B394E5}.Debug|Any CPU.ActiveCfg = Debug|Any CPU
		{6CCAE1CB-6696-45D3-9A6D-6AB209B394E5}.Debug|Any CPU.Build.0 = Debug|Any CPU
		{6CCAE1CB-6696-45D3-9A6D-6AB209B394E5}.Release|Any CPU.ActiveCfg = Release|Any CPU
		{6CCAE1CB-6696-45D3-9A6D-6AB209B394E5}.Release|Any CPU.Build.0 = Release|Any CPU
		{E880313F-43ED-4379-B526-D5615889B0F2}.Debug|Any CPU.ActiveCfg = Debug|Any CPU
		{E880313F-43ED-4379-B526-D5615889B0F2}.Debug|Any CPU.Build.0 = Debug|Any CPU
		{E880313F-43ED-4379-B526-D5615889B0F2}.Release|Any CPU.ActiveCfg = Release|Any CPU
		{E880313F-43ED-4379-B526-D5615889B0F2}.Release|Any CPU.Build.0 = Release|Any CPU
	EndGlobalSection
	GlobalSection(NestedProjects) = preSolution
		{6CCAE1CB-6696-45D3-9A6D-6AB209B394E5} = {884AED35-5FDB-4647-9F44-F36833E1E16A}
		{E880313F-43ED-4379-B526-D5615889B0F2} = {884AED35-5FDB-4647-9F44-F36833E1E16A}
	EndGlobalSection
EndGlobal
